
Microsoft Visual Studio Solution File, Format Version 12.00
# Visual Studio Version 17
VisualStudioVersion = 17.0.31903.59
MinimumVisualStudioVersion = 10.0.40219.1
Project("{FAE04EC0-301F-11D3-BF4B-00C04F79EFBC}") = "OrgReg.Shared", "OrgReg.Shared\OrgReg.Shared.csproj", "{8EFE3B6E-1891-497A-BC2F-B80B63DBC883}"
EndProject
Project("{FAE04EC0-301F-11D3-BF4B-00C04F79EFBC}") = "OrgReg.Organisation.Api", "OrgReg.Organisation.Api\OrgReg.Organisation.Api.csproj", "{77A76175-BD83-4CA7-956D-B0788495DA67}"
EndProject
Project("{FAE04EC0-301F-11D3-BF4B-00C04F79EFBC}") = "OrgReg.Avtal.Api", "OrgReg.Avtal.Api\OrgReg.Avtal.Api.csproj", "{881C23EE-B143-4235-959A-F9C26F797905}"
EndProject
Project("{FAE04EC0-301F-11D3-BF4B-00C04F79EFBC}") = "OrgReg.Dynamics", "OrgReg.Dynamics\OrgReg.Dynamics.csproj", "{C2B9AE79-D68F-42BE-9EC0-75069A8BE422}"
EndProject
Project("{FAE04EC0-301F-11D3-BF4B-00C04F79EFBC}") = "OrgReg.Integrations", "OrgReg.Integrations\OrgReg.Integrations.csproj", "{3AE6E32F-BCB3-4A3A-8ED7-04D797BE0820}"
EndProject
Project("{FAE04EC0-301F-11D3-BF4B-00C04F79EFBC}") = "OrgReg.Tests", "OrgReg.Tests\OrgReg.Tests.csproj", "{7C1D086B-6BF7-4A99-8B5E-D4DA91D0AA32}"
EndProject
Project("{FAE04EC0-301F-11D3-BF4B-00C04F79EFBC}") = "OrgReg.FakeDynamics", "OrgReg.FakeDynamics\OrgReg.FakeDynamics.csproj", "{9C36FEBC-17B9-4242-8C50-795F3C9941D0}"
EndProject
Project("{FAE04EC0-301F-11D3-BF4B-00C04F79EFBC}") = "OrgReg.Admin", "OrgReg.Admin\OrgReg.Admin.csproj", "{D6B38040-6E5C-4F3F-BB3C-EAB49FD62FD6}"
EndProject
Global
	GlobalSection(SolutionConfigurationPlatforms) = preSolution
		Debug|Any CPU = Debug|Any CPU
		Release|Any CPU = Release|Any CPU
	EndGlobalSection
	GlobalSection(SolutionProperties) = preSolution
		HideSolutionNode = FALSE
	EndGlobalSection
	GlobalSection(ProjectConfigurationPlatforms) = postSolution
		{8EFE3B6E-1891-497A-BC2F-B80B63DBC883}.Debug|Any CPU.ActiveCfg = Debug|Any CPU
		{8EFE3B6E-1891-497A-BC2F-B80B63DBC883}.Debug|Any CPU.Build.0 = Debug|Any CPU
		{8EFE3B6E-1891-497A-BC2F-B80B63DBC883}.Release|Any CPU.ActiveCfg = Release|Any CPU
		{8EFE3B6E-1891-497A-BC2F-B80B63DBC883}.Release|Any CPU.Build.0 = Release|Any CPU
		{77A76175-BD83-4CA7-956D-B0788495DA67}.Debug|Any CPU.ActiveCfg = Debug|Any CPU
		{77A76175-BD83-4CA7-956D-B0788495DA67}.Debug|Any CPU.Build.0 = Debug|Any CPU
		{77A76175-BD83-4CA7-956D-B0788495DA67}.Release|Any CPU.ActiveCfg = Release|Any CPU
		{77A76175-BD83-4CA7-956D-B0788495DA67}.Release|Any CPU.Build.0 = Release|Any CPU
		{881C23EE-B143-4235-959A-F9C26F797905}.Debug|Any CPU.ActiveCfg = Debug|Any CPU
		{881C23EE-B143-4235-959A-F9C26F797905}.Debug|Any CPU.Build.0 = Debug|Any CPU
		{881C23EE-B143-4235-959A-F9C26F797905}.Release|Any CPU.ActiveCfg = Release|Any CPU
		{881C23EE-B143-4235-959A-F9C26F797905}.Release|Any CPU.Build.0 = Release|Any CPU
		{C2B9AE79-D68F-42BE-9EC0-75069A8BE422}.Debug|Any CPU.ActiveCfg = Debug|Any CPU
		{C2B9AE79-D68F-42BE-9EC0-75069A8BE422}.Debug|Any CPU.Build.0 = Debug|Any CPU
		{C2B9AE79-D68F-42BE-9EC0-75069A8BE422}.Release|Any CPU.ActiveCfg = Release|Any CPU
		{C2B9AE79-D68F-42BE-9EC0-75069A8BE422}.Release|Any CPU.Build.0 = Release|Any CPU
		{3AE6E32F-BCB3-4A3A-8ED7-04D797BE0820}.Debug|Any CPU.ActiveCfg = Debug|Any CPU
		{3AE6E32F-BCB3-4A3A-8ED7-04D797BE0820}.Debug|Any CPU.Build.0 = Debug|Any CPU
		{3AE6E32F-BCB3-4A3A-8ED7-04D797BE0820}.Release|Any CPU.ActiveCfg = Release|Any CPU
		{3AE6E32F-BCB3-4A3A-8ED7-04D797BE0820}.Release|Any CPU.Build.0 = Release|Any CPU
		{7C1D086B-6BF7-4A99-8B5E-D4DA91D0AA32}.Debug|Any CPU.ActiveCfg = Debug|Any CPU
		{7C1D086B-6BF7-4A99-8B5E-D4DA91D0AA32}.Debug|Any CPU.Build.0 = Debug|Any CPU
		{7C1D086B-6BF7-4A99-8B5E-D4DA91D0AA32}.Release|Any CPU.ActiveCfg = Release|Any CPU
		{7C1D086B-6BF7-4A99-8B5E-D4DA91D0AA32}.Release|Any CPU.Build.0 = Release|Any CPU
		{9C36FEBC-17B9-4242-8C50-795F3C9941D0}.Debug|Any CPU.ActiveCfg = Debug|Any CPU
		{9C36FEBC-17B9-4242-8C50-795F3C9941D0}.Debug|Any CPU.Build.0 = Debug|Any CPU
		{9C36FEBC-17B9-4242-8C50-795F3C9941D0}.Release|Any CPU.ActiveCfg = Release|Any CPU
		{9C36FEBC-17B9-4242-8C50-795F3C9941D0}.Release|Any CPU.Build.0 = Release|Any CPU
		{D6B38040-6E5C-4F3F-BB3C-EAB49FD62FD6}.Debug|Any CPU.ActiveCfg = Debug|Any CPU
		{D6B38040-6E5C-4F3F-BB3C-EAB49FD62FD6}.Debug|Any CPU.Build.0 = Debug|Any CPU
		{D6B38040-6E5C-4F3F-BB3C-EAB49FD62FD6}.Release|Any CPU.ActiveCfg = Release|Any CPU
		{D6B38040-6E5C-4F3F-BB3C-EAB49FD62FD6}.Release|Any CPU.Build.0 = Release|Any CPU
	EndGlobalSection
EndGlobal
